// !$*UTF8*$!
{
	archiveVersion = 1;
	classes = {
	};
	objectVersion = 56;
	objects = {

/* Begin PBXBuildFile section */
		BB1BAD0229598EA600CC1E3F /* LoginViewController.swift in Sources */ = {isa = PBXBuildFile; fileRef = BB1BAD0029598EA600CC1E3F /* LoginViewController.swift */; };
		BB1BAD0329598EA600CC1E3F /* LoginViewController.xib in Resources */ = {isa = PBXBuildFile; fileRef = BB1BAD0129598EA600CC1E3F /* LoginViewController.xib */; };
		BB1BAD062959969E00CC1E3F /* LocalDataLayer.swift in Sources */ = {isa = PBXBuildFile; fileRef = BB1BAD052959969E00CC1E3F /* LocalDataLayer.swift */; };
		BB1BAD08295996CF00CC1E3F /* NetworkLayer.swift in Sources */ = {isa = PBXBuildFile; fileRef = BB1BAD07295996CF00CC1E3F /* NetworkLayer.swift */; };
		BB1BAD0B295998B200CC1E3F /* Heroe.swift in Sources */ = {isa = PBXBuildFile; fileRef = BB1BAD0A295998B200CC1E3F /* Heroe.swift */; };
		BB25FC862953BEAA00F83B02 /* AppDelegate.swift in Sources */ = {isa = PBXBuildFile; fileRef = BB25FC852953BEAA00F83B02 /* AppDelegate.swift */; };
		BB25FC882953BEAA00F83B02 /* SceneDelegate.swift in Sources */ = {isa = PBXBuildFile; fileRef = BB25FC872953BEAA00F83B02 /* SceneDelegate.swift */; };
		BB25FC8F2953BEAB00F83B02 /* Assets.xcassets in Resources */ = {isa = PBXBuildFile; fileRef = BB25FC8E2953BEAB00F83B02 /* Assets.xcassets */; };
		BB25FC922953BEAB00F83B02 /* LaunchScreen.storyboard in Resources */ = {isa = PBXBuildFile; fileRef = BB25FC902953BEAB00F83B02 /* LaunchScreen.storyboard */; };
		BB25FC9D2953BEAC00F83B02 /* Practica_Fundamentos_iOSTests.swift in Sources */ = {isa = PBXBuildFile; fileRef = BB25FC9C2953BEAC00F83B02 /* Practica_Fundamentos_iOSTests.swift */; };
		BB25FCA72953BEAC00F83B02 /* Practica_Fundamentos_iOSUITests.swift in Sources */ = {isa = PBXBuildFile; fileRef = BB25FCA62953BEAC00F83B02 /* Practica_Fundamentos_iOSUITests.swift */; };
		BB25FCA92953BEAC00F83B02 /* Practica_Fundamentos_iOSUITestsLaunchTests.swift in Sources */ = {isa = PBXBuildFile; fileRef = BB25FCA82953BEAC00F83B02 /* Practica_Fundamentos_iOSUITestsLaunchTests.swift */; };
		BB25FCBA2956100000F83B02 /* TableViewController.swift in Sources */ = {isa = PBXBuildFile; fileRef = BB25FCB82956100000F83B02 /* TableViewController.swift */; };
		BB25FCBB2956100000F83B02 /* TableViewController.xib in Resources */ = {isa = PBXBuildFile; fileRef = BB25FCB92956100000F83B02 /* TableViewController.xib */; };
		BB25FCBF29561C5700F83B02 /* TableCell.swift in Sources */ = {isa = PBXBuildFile; fileRef = BB25FCBD29561C5700F83B02 /* TableCell.swift */; };
		BB25FCC029561C5700F83B02 /* TableCell.xib in Resources */ = {isa = PBXBuildFile; fileRef = BB25FCBE29561C5700F83B02 /* TableCell.xib */; };
		BB2C23662956E643002A4596 /* HomeTabBarController.swift in Sources */ = {isa = PBXBuildFile; fileRef = BB2C23652956E643002A4596 /* HomeTabBarController.swift */; };
		BB2C236A2956E9F7002A4596 /* CollectionViewController.swift in Sources */ = {isa = PBXBuildFile; fileRef = BB2C23682956E9F7002A4596 /* CollectionViewController.swift */; };
		BB2C236B2956E9F7002A4596 /* CollectionViewController.xib in Resources */ = {isa = PBXBuildFile; fileRef = BB2C23692956E9F7002A4596 /* CollectionViewController.xib */; };
		BB2C236F2956EDEA002A4596 /* CollectionCell.swift in Sources */ = {isa = PBXBuildFile; fileRef = BB2C236D2956EDEA002A4596 /* CollectionCell.swift */; };
		BB2C23702956EDEA002A4596 /* CollectionCell.xib in Resources */ = {isa = PBXBuildFile; fileRef = BB2C236E2956EDEA002A4596 /* CollectionCell.xib */; };
		BB5982D1295B65AD00631655 /* DetailsViewController.swift in Sources */ = {isa = PBXBuildFile; fileRef = BB5982CF295B65AD00631655 /* DetailsViewController.swift */; };
		BB5982D2295B65AD00631655 /* DetailsViewController.xib in Resources */ = {isa = PBXBuildFile; fileRef = BB5982D0295B65AD00631655 /* DetailsViewController.xib */; };
/* End PBXBuildFile section */

/* Begin PBXContainerItemProxy section */
		BB25FC992953BEAC00F83B02 /* PBXContainerItemProxy */ = {
			isa = PBXContainerItemProxy;
			containerPortal = BB25FC7A2953BEAA00F83B02 /* Project object */;
			proxyType = 1;
			remoteGlobalIDString = BB25FC812953BEAA00F83B02;
			remoteInfo = "Practica-Fundamentos-iOS";
		};
		BB25FCA32953BEAC00F83B02 /* PBXContainerItemProxy */ = {
			isa = PBXContainerItemProxy;
			containerPortal = BB25FC7A2953BEAA00F83B02 /* Project object */;
			proxyType = 1;
			remoteGlobalIDString = BB25FC812953BEAA00F83B02;
			remoteInfo = "Practica-Fundamentos-iOS";
		};
/* End PBXContainerItemProxy section */

/* Begin PBXFileReference section */
		BB1BAD0029598EA600CC1E3F /* LoginViewController.swift */ = {isa = PBXFileReference; lastKnownFileType = sourcecode.swift; path = LoginViewController.swift; sourceTree = "<group>"; };
		BB1BAD0129598EA600CC1E3F /* LoginViewController.xib */ = {isa = PBXFileReference; lastKnownFileType = file.xib; path = LoginViewController.xib; sourceTree = "<group>"; };
		BB1BAD052959969E00CC1E3F /* LocalDataLayer.swift */ = {isa = PBXFileReference; lastKnownFileType = sourcecode.swift; path = LocalDataLayer.swift; sourceTree = "<group>"; };
		BB1BAD07295996CF00CC1E3F /* NetworkLayer.swift */ = {isa = PBXFileReference; lastKnownFileType = sourcecode.swift; path = NetworkLayer.swift; sourceTree = "<group>"; };
		BB1BAD0A295998B200CC1E3F /* Heroe.swift */ = {isa = PBXFileReference; lastKnownFileType = sourcecode.swift; path = Heroe.swift; sourceTree = "<group>"; };
		BB25FC822953BEAA00F83B02 /* Practica-Fundamentos-iOS.app */ = {isa = PBXFileReference; explicitFileType = wrapper.application; includeInIndex = 0; path = "Practica-Fundamentos-iOS.app"; sourceTree = BUILT_PRODUCTS_DIR; };
		BB25FC852953BEAA00F83B02 /* AppDelegate.swift */ = {isa = PBXFileReference; lastKnownFileType = sourcecode.swift; path = AppDelegate.swift; sourceTree = "<group>"; };
		BB25FC872953BEAA00F83B02 /* SceneDelegate.swift */ = {isa = PBXFileReference; lastKnownFileType = sourcecode.swift; path = SceneDelegate.swift; sourceTree = "<group>"; };
		BB25FC8E2953BEAB00F83B02 /* Assets.xcassets */ = {isa = PBXFileReference; lastKnownFileType = folder.assetcatalog; path = Assets.xcassets; sourceTree = "<group>"; };
		BB25FC912953BEAB00F83B02 /* Base */ = {isa = PBXFileReference; lastKnownFileType = file.storyboard; name = Base; path = Base.lproj/LaunchScreen.storyboard; sourceTree = "<group>"; };
		BB25FC932953BEAB00F83B02 /* Info.plist */ = {isa = PBXFileReference; lastKnownFileType = text.plist.xml; path = Info.plist; sourceTree = "<group>"; };
		BB25FC982953BEAC00F83B02 /* Practica-Fundamentos-iOSTests.xctest */ = {isa = PBXFileReference; explicitFileType = wrapper.cfbundle; includeInIndex = 0; path = "Practica-Fundamentos-iOSTests.xctest"; sourceTree = BUILT_PRODUCTS_DIR; };
		BB25FC9C2953BEAC00F83B02 /* Practica_Fundamentos_iOSTests.swift */ = {isa = PBXFileReference; lastKnownFileType = sourcecode.swift; path = Practica_Fundamentos_iOSTests.swift; sourceTree = "<group>"; };
		BB25FCA22953BEAC00F83B02 /* Practica-Fundamentos-iOSUITests.xctest */ = {isa = PBXFileReference; explicitFileType = wrapper.cfbundle; includeInIndex = 0; path = "Practica-Fundamentos-iOSUITests.xctest"; sourceTree = BUILT_PRODUCTS_DIR; };
		BB25FCA62953BEAC00F83B02 /* Practica_Fundamentos_iOSUITests.swift */ = {isa = PBXFileReference; lastKnownFileType = sourcecode.swift; path = Practica_Fundamentos_iOSUITests.swift; sourceTree = "<group>"; };
		BB25FCA82953BEAC00F83B02 /* Practica_Fundamentos_iOSUITestsLaunchTests.swift */ = {isa = PBXFileReference; lastKnownFileType = sourcecode.swift; path = Practica_Fundamentos_iOSUITestsLaunchTests.swift; sourceTree = "<group>"; };
		BB25FCB82956100000F83B02 /* TableViewController.swift */ = {isa = PBXFileReference; lastKnownFileType = sourcecode.swift; path = TableViewController.swift; sourceTree = "<group>"; };
		BB25FCB92956100000F83B02 /* TableViewController.xib */ = {isa = PBXFileReference; lastKnownFileType = file.xib; path = TableViewController.xib; sourceTree = "<group>"; };
		BB25FCBD29561C5700F83B02 /* TableCell.swift */ = {isa = PBXFileReference; lastKnownFileType = sourcecode.swift; path = TableCell.swift; sourceTree = "<group>"; };
		BB25FCBE29561C5700F83B02 /* TableCell.xib */ = {isa = PBXFileReference; lastKnownFileType = file.xib; path = TableCell.xib; sourceTree = "<group>"; };
		BB2C23652956E643002A4596 /* HomeTabBarController.swift */ = {isa = PBXFileReference; lastKnownFileType = sourcecode.swift; path = HomeTabBarController.swift; sourceTree = "<group>"; };
		BB2C23682956E9F7002A4596 /* CollectionViewController.swift */ = {isa = PBXFileReference; lastKnownFileType = sourcecode.swift; path = CollectionViewController.swift; sourceTree = "<group>"; };
		BB2C23692956E9F7002A4596 /* CollectionViewController.xib */ = {isa = PBXFileReference; lastKnownFileType = file.xib; path = CollectionViewController.xib; sourceTree = "<group>"; };
		BB2C236D2956EDEA002A4596 /* CollectionCell.swift */ = {isa = PBXFileReference; lastKnownFileType = sourcecode.swift; path = CollectionCell.swift; sourceTree = "<group>"; };
		BB2C236E2956EDEA002A4596 /* CollectionCell.xib */ = {isa = PBXFileReference; lastKnownFileType = file.xib; path = CollectionCell.xib; sourceTree = "<group>"; };
		BB5982CF295B65AD00631655 /* DetailsViewController.swift */ = {isa = PBXFileReference; lastKnownFileType = sourcecode.swift; path = DetailsViewController.swift; sourceTree = "<group>"; };
		BB5982D0295B65AD00631655 /* DetailsViewController.xib */ = {isa = PBXFileReference; lastKnownFileType = file.xib; path = DetailsViewController.xib; sourceTree = "<group>"; };
/* End PBXFileReference section */

/* Begin PBXFrameworksBuildPhase section */
		BB25FC7F2953BEAA00F83B02 /* Frameworks */ = {
			isa = PBXFrameworksBuildPhase;
			buildActionMask = 2147483647;
			files = (
			);
			runOnlyForDeploymentPostprocessing = 0;
		};
		BB25FC952953BEAC00F83B02 /* Frameworks */ = {
			isa = PBXFrameworksBuildPhase;
			buildActionMask = 2147483647;
			files = (
			);
			runOnlyForDeploymentPostprocessing = 0;
		};
		BB25FC9F2953BEAC00F83B02 /* Frameworks */ = {
			isa = PBXFrameworksBuildPhase;
			buildActionMask = 2147483647;
			files = (
			);
			runOnlyForDeploymentPostprocessing = 0;
		};
/* End PBXFrameworksBuildPhase section */

/* Begin PBXGroup section */
		BB1BACFF29598E8A00CC1E3F /* LoginView */ = {
			isa = PBXGroup;
			children = (
				BB1BAD0029598EA600CC1E3F /* LoginViewController.swift */,
				BB1BAD0129598EA600CC1E3F /* LoginViewController.xib */,
			);
			path = LoginView;
			sourceTree = "<group>";
		};
		BB1BAD042959966300CC1E3F /* Managers */ = {
			isa = PBXGroup;
			children = (
				BB1BAD052959969E00CC1E3F /* LocalDataLayer.swift */,
				BB1BAD07295996CF00CC1E3F /* NetworkLayer.swift */,
			);
			path = Managers;
			sourceTree = "<group>";
		};
		BB1BAD092959980D00CC1E3F /* Models */ = {
			isa = PBXGroup;
			children = (
				BB1BAD0A295998B200CC1E3F /* Heroe.swift */,
			);
			path = Models;
			sourceTree = "<group>";
		};
		BB25FC792953BEAA00F83B02 = {
			isa = PBXGroup;
			children = (
				BB25FC842953BEAA00F83B02 /* Practica-Fundamentos-iOS */,
				BB25FC9B2953BEAC00F83B02 /* Practica-Fundamentos-iOSTests */,
				BB25FCA52953BEAC00F83B02 /* Practica-Fundamentos-iOSUITests */,
				BB25FC832953BEAA00F83B02 /* Products */,
			);
			sourceTree = "<group>";
		};
		BB25FC832953BEAA00F83B02 /* Products */ = {
			isa = PBXGroup;
			children = (
				BB25FC822953BEAA00F83B02 /* Practica-Fundamentos-iOS.app */,
				BB25FC982953BEAC00F83B02 /* Practica-Fundamentos-iOSTests.xctest */,
				BB25FCA22953BEAC00F83B02 /* Practica-Fundamentos-iOSUITests.xctest */,
			);
			name = Products;
			sourceTree = "<group>";
		};
		BB25FC842953BEAA00F83B02 /* Practica-Fundamentos-iOS */ = {
			isa = PBXGroup;
			children = (
				BB1BAD092959980D00CC1E3F /* Models */,
				BB1BAD042959966300CC1E3F /* Managers */,
				BB25FCB529560E5900F83B02 /* App */,
				BB25FCB629560E7600F83B02 /* UI */,
				BB25FC8E2953BEAB00F83B02 /* Assets.xcassets */,
				BB25FC902953BEAB00F83B02 /* LaunchScreen.storyboard */,
				BB25FC932953BEAB00F83B02 /* Info.plist */,
			);
			path = "Practica-Fundamentos-iOS";
			sourceTree = "<group>";
		};
		BB25FC9B2953BEAC00F83B02 /* Practica-Fundamentos-iOSTests */ = {
			isa = PBXGroup;
			children = (
				BB25FC9C2953BEAC00F83B02 /* Practica_Fundamentos_iOSTests.swift */,
			);
			path = "Practica-Fundamentos-iOSTests";
			sourceTree = "<group>";
		};
		BB25FCA52953BEAC00F83B02 /* Practica-Fundamentos-iOSUITests */ = {
			isa = PBXGroup;
			children = (
				BB25FCA62953BEAC00F83B02 /* Practica_Fundamentos_iOSUITests.swift */,
				BB25FCA82953BEAC00F83B02 /* Practica_Fundamentos_iOSUITestsLaunchTests.swift */,
			);
			path = "Practica-Fundamentos-iOSUITests";
			sourceTree = "<group>";
		};
		BB25FCB529560E5900F83B02 /* App */ = {
			isa = PBXGroup;
			children = (
				BB25FC872953BEAA00F83B02 /* SceneDelegate.swift */,
				BB25FC852953BEAA00F83B02 /* AppDelegate.swift */,
			);
			path = App;
			sourceTree = "<group>";
		};
		BB25FCB629560E7600F83B02 /* UI */ = {
			isa = PBXGroup;
			children = (
				BB5982CE295B658A00631655 /* DetailsView */,
				BB2C23642956E600002A4596 /* HomeTabBar */,
				BB1BACFF29598E8A00CC1E3F /* LoginView */,
				BB25FCB729560F1100F83B02 /* TableView */,
				BB2C23672956E9BC002A4596 /* CollectionView */,
			);
			path = UI;
			sourceTree = "<group>";
		};
		BB25FCB729560F1100F83B02 /* TableView */ = {
			isa = PBXGroup;
			children = (
				BB25FCBC29561C1B00F83B02 /* TableCell */,
				BB25FCB82956100000F83B02 /* TableViewController.swift */,
				BB25FCB92956100000F83B02 /* TableViewController.xib */,
			);
			path = TableView;
			sourceTree = "<group>";
		};
		BB25FCBC29561C1B00F83B02 /* TableCell */ = {
			isa = PBXGroup;
			children = (
				BB25FCBD29561C5700F83B02 /* TableCell.swift */,
				BB25FCBE29561C5700F83B02 /* TableCell.xib */,
			);
			path = TableCell;
			sourceTree = "<group>";
		};
		BB2C23642956E600002A4596 /* HomeTabBar */ = {
			isa = PBXGroup;
			children = (
				BB2C23652956E643002A4596 /* HomeTabBarController.swift */,
			);
			path = HomeTabBar;
			sourceTree = "<group>";
		};
		BB2C23672956E9BC002A4596 /* CollectionView */ = {
			isa = PBXGroup;
			children = (
				BB2C236C2956EDB8002A4596 /* CollectionCell */,
				BB2C23682956E9F7002A4596 /* CollectionViewController.swift */,
				BB2C23692956E9F7002A4596 /* CollectionViewController.xib */,
			);
			path = CollectionView;
			sourceTree = "<group>";
		};
		BB2C236C2956EDB8002A4596 /* CollectionCell */ = {
			isa = PBXGroup;
			children = (
				BB2C236D2956EDEA002A4596 /* CollectionCell.swift */,
				BB2C236E2956EDEA002A4596 /* CollectionCell.xib */,
			);
			path = CollectionCell;
			sourceTree = "<group>";
		};
		BB5982CE295B658A00631655 /* DetailsView */ = {
			isa = PBXGroup;
			children = (
				BB5982CF295B65AD00631655 /* DetailsViewController.swift */,
				BB5982D0295B65AD00631655 /* DetailsViewController.xib */,
			);
			path = DetailsView;
			sourceTree = "<group>";
		};
/* End PBXGroup section */

/* Begin PBXNativeTarget section */
		BB25FC812953BEAA00F83B02 /* Practica-Fundamentos-iOS */ = {
			isa = PBXNativeTarget;
			buildConfigurationList = BB25FCAC2953BEAC00F83B02 /* Build configuration list for PBXNativeTarget "Practica-Fundamentos-iOS" */;
			buildPhases = (
				BB25FC7E2953BEAA00F83B02 /* Sources */,
				BB25FC7F2953BEAA00F83B02 /* Frameworks */,
				BB25FC802953BEAA00F83B02 /* Resources */,
			);
			buildRules = (
			);
			dependencies = (
			);
			name = "Practica-Fundamentos-iOS";
			productName = "Practica-Fundamentos-iOS";
			productReference = BB25FC822953BEAA00F83B02 /* Practica-Fundamentos-iOS.app */;
			productType = "com.apple.product-type.application";
		};
		BB25FC972953BEAC00F83B02 /* Practica-Fundamentos-iOSTests */ = {
			isa = PBXNativeTarget;
			buildConfigurationList = BB25FCAF2953BEAC00F83B02 /* Build configuration list for PBXNativeTarget "Practica-Fundamentos-iOSTests" */;
			buildPhases = (
				BB25FC942953BEAC00F83B02 /* Sources */,
				BB25FC952953BEAC00F83B02 /* Frameworks */,
				BB25FC962953BEAC00F83B02 /* Resources */,
			);
			buildRules = (
			);
			dependencies = (
				BB25FC9A2953BEAC00F83B02 /* PBXTargetDependency */,
			);
			name = "Practica-Fundamentos-iOSTests";
			productName = "Practica-Fundamentos-iOSTests";
			productReference = BB25FC982953BEAC00F83B02 /* Practica-Fundamentos-iOSTests.xctest */;
			productType = "com.apple.product-type.bundle.unit-test";
		};
		BB25FCA12953BEAC00F83B02 /* Practica-Fundamentos-iOSUITests */ = {
			isa = PBXNativeTarget;
			buildConfigurationList = BB25FCB22953BEAC00F83B02 /* Build configuration list for PBXNativeTarget "Practica-Fundamentos-iOSUITests" */;
			buildPhases = (
				BB25FC9E2953BEAC00F83B02 /* Sources */,
				BB25FC9F2953BEAC00F83B02 /* Frameworks */,
				BB25FCA02953BEAC00F83B02 /* Resources */,
			);
			buildRules = (
			);
			dependencies = (
				BB25FCA42953BEAC00F83B02 /* PBXTargetDependency */,
			);
			name = "Practica-Fundamentos-iOSUITests";
			productName = "Practica-Fundamentos-iOSUITests";
			productReference = BB25FCA22953BEAC00F83B02 /* Practica-Fundamentos-iOSUITests.xctest */;
			productType = "com.apple.product-type.bundle.ui-testing";
		};
/* End PBXNativeTarget section */

/* Begin PBXProject section */
		BB25FC7A2953BEAA00F83B02 /* Project object */ = {
			isa = PBXProject;
			attributes = {
				BuildIndependentTargetsInParallel = 1;
				LastSwiftUpdateCheck = 1420;
				LastUpgradeCheck = 1420;
				TargetAttributes = {
					BB25FC812953BEAA00F83B02 = {
						CreatedOnToolsVersion = 14.2;
					};
					BB25FC972953BEAC00F83B02 = {
						CreatedOnToolsVersion = 14.2;
						TestTargetID = BB25FC812953BEAA00F83B02;
					};
					BB25FCA12953BEAC00F83B02 = {
						CreatedOnToolsVersion = 14.2;
						TestTargetID = BB25FC812953BEAA00F83B02;
					};
				};
			};
			buildConfigurationList = BB25FC7D2953BEAA00F83B02 /* Build configuration list for PBXProject "Practica-Fundamentos-iOS" */;
			compatibilityVersion = "Xcode 14.0";
			developmentRegion = en;
			hasScannedForEncodings = 0;
			knownRegions = (
				en,
				Base,
			);
			mainGroup = BB25FC792953BEAA00F83B02;
			productRefGroup = BB25FC832953BEAA00F83B02 /* Products */;
			projectDirPath = "";
			projectRoot = "";
			targets = (
				BB25FC812953BEAA00F83B02 /* Practica-Fundamentos-iOS */,
				BB25FC972953BEAC00F83B02 /* Practica-Fundamentos-iOSTests */,
				BB25FCA12953BEAC00F83B02 /* Practica-Fundamentos-iOSUITests */,
			);
		};
/* End PBXProject section */

/* Begin PBXResourcesBuildPhase section */
		BB25FC802953BEAA00F83B02 /* Resources */ = {
			isa = PBXResourcesBuildPhase;
			buildActionMask = 2147483647;
			files = (
				BB25FCBB2956100000F83B02 /* TableViewController.xib in Resources */,
				BB2C236B2956E9F7002A4596 /* CollectionViewController.xib in Resources */,
				BB25FC922953BEAB00F83B02 /* LaunchScreen.storyboard in Resources */,
				BB2C23702956EDEA002A4596 /* CollectionCell.xib in Resources */,
				BB25FCC029561C5700F83B02 /* TableCell.xib in Resources */,
				BB1BAD0329598EA600CC1E3F /* LoginViewController.xib in Resources */,
				BB25FC8F2953BEAB00F83B02 /* Assets.xcassets in Resources */,
				BB5982D2295B65AD00631655 /* DetailsViewController.xib in Resources */,
			);
			runOnlyForDeploymentPostprocessing = 0;
		};
		BB25FC962953BEAC00F83B02 /* Resources */ = {
			isa = PBXResourcesBuildPhase;
			buildActionMask = 2147483647;
			files = (
			);
			runOnlyForDeploymentPostprocessing = 0;
		};
		BB25FCA02953BEAC00F83B02 /* Resources */ = {
			isa = PBXResourcesBuildPhase;
			buildActionMask = 2147483647;
			files = (
			);
			runOnlyForDeploymentPostprocessing = 0;
		};
/* End PBXResourcesBuildPhase section */

/* Begin PBXSourcesBuildPhase section */
		BB25FC7E2953BEAA00F83B02 /* Sources */ = {
			isa = PBXSourcesBuildPhase;
			buildActionMask = 2147483647;
			files = (
				BB2C236A2956E9F7002A4596 /* CollectionViewController.swift in Sources */,
				BB1BAD0B295998B200CC1E3F /* Heroe.swift in Sources */,
				BB25FC862953BEAA00F83B02 /* AppDelegate.swift in Sources */,
				BB25FCBA2956100000F83B02 /* TableViewController.swift in Sources */,
				BB1BAD062959969E00CC1E3F /* LocalDataLayer.swift in Sources */,
				BB25FCBF29561C5700F83B02 /* TableCell.swift in Sources */,
				BB1BAD0229598EA600CC1E3F /* LoginViewController.swift in Sources */,
				BB2C236F2956EDEA002A4596 /* CollectionCell.swift in Sources */,
				BB25FC882953BEAA00F83B02 /* SceneDelegate.swift in Sources */,
				BB1BAD08295996CF00CC1E3F /* NetworkLayer.swift in Sources */,
				BB2C23662956E643002A4596 /* HomeTabBarController.swift in Sources */,
				BB5982D1295B65AD00631655 /* DetailsViewController.swift in Sources */,
			);
			runOnlyForDeploymentPostprocessing = 0;
		};
		BB25FC942953BEAC00F83B02 /* Sources */ = {
			isa = PBXSourcesBuildPhase;
			buildActionMask = 2147483647;
			files = (
				BB25FC9D2953BEAC00F83B02 /* Practica_Fundamentos_iOSTests.swift in Sources */,
			);
			runOnlyForDeploymentPostprocessing = 0;
		};
		BB25FC9E2953BEAC00F83B02 /* Sources */ = {
			isa = PBXSourcesBuildPhase;
			buildActionMask = 2147483647;
			files = (
				BB25FCA92953BEAC00F83B02 /* Practica_Fundamentos_iOSUITestsLaunchTests.swift in Sources */,
				BB25FCA72953BEAC00F83B02 /* Practica_Fundamentos_iOSUITests.swift in Sources */,
			);
			runOnlyForDeploymentPostprocessing = 0;
		};
/* End PBXSourcesBuildPhase section */

/* Begin PBXTargetDependency section */
		BB25FC9A2953BEAC00F83B02 /* PBXTargetDependency */ = {
			isa = PBXTargetDependency;
			target = BB25FC812953BEAA00F83B02 /* Practica-Fundamentos-iOS */;
			targetProxy = BB25FC992953BEAC00F83B02 /* PBXContainerItemProxy */;
		};
		BB25FCA42953BEAC00F83B02 /* PBXTargetDependency */ = {
			isa = PBXTargetDependency;
			target = BB25FC812953BEAA00F83B02 /* Practica-Fundamentos-iOS */;
			targetProxy = BB25FCA32953BEAC00F83B02 /* PBXContainerItemProxy */;
		};
/* End PBXTargetDependency section */

/* Begin PBXVariantGroup section */
		BB25FC902953BEAB00F83B02 /* LaunchScreen.storyboard */ = {
			isa = PBXVariantGroup;
			children = (
				BB25FC912953BEAB00F83B02 /* Base */,
			);
			name = LaunchScreen.storyboard;
			sourceTree = "<group>";
		};
/* End PBXVariantGroup section */

/* Begin XCBuildConfiguration section */
		BB25FCAA2953BEAC00F83B02 /* Debug */ = {
			isa = XCBuildConfiguration;
			buildSettings = {
				ALWAYS_SEARCH_USER_PATHS = NO;
				CLANG_ANALYZER_NONNULL = YES;
				CLANG_ANALYZER_NUMBER_OBJECT_CONVERSION = YES_AGGRESSIVE;
				CLANG_CXX_LANGUAGE_STANDARD = "gnu++20";
				CLANG_ENABLE_MODULES = YES;
				CLANG_ENABLE_OBJC_ARC = YES;
				CLANG_ENABLE_OBJC_WEAK = YES;
				CLANG_WARN_BLOCK_CAPTURE_AUTORELEASING = YES;
				CLANG_WARN_BOOL_CONVERSION = YES;
				CLANG_WARN_COMMA = YES;
				CLANG_WARN_CONSTANT_CONVERSION = YES;
				CLANG_WARN_DEPRECATED_OBJC_IMPLEMENTATIONS = YES;
				CLANG_WARN_DIRECT_OBJC_ISA_USAGE = YES_ERROR;
				CLANG_WARN_DOCUMENTATION_COMMENTS = YES;
				CLANG_WARN_EMPTY_BODY = YES;
				CLANG_WARN_ENUM_CONVERSION = YES;
				CLANG_WARN_INFINITE_RECURSION = YES;
				CLANG_WARN_INT_CONVERSION = YES;
				CLANG_WARN_NON_LITERAL_NULL_CONVERSION = YES;
				CLANG_WARN_OBJC_IMPLICIT_RETAIN_SELF = YES;
				CLANG_WARN_OBJC_LITERAL_CONVERSION = YES;
				CLANG_WARN_OBJC_ROOT_CLASS = YES_ERROR;
				CLANG_WARN_QUOTED_INCLUDE_IN_FRAMEWORK_HEADER = YES;
				CLANG_WARN_RANGE_LOOP_ANALYSIS = YES;
				CLANG_WARN_STRICT_PROTOTYPES = YES;
				CLANG_WARN_SUSPICIOUS_MOVE = YES;
				CLANG_WARN_UNGUARDED_AVAILABILITY = YES_AGGRESSIVE;
				CLANG_WARN_UNREACHABLE_CODE = YES;
				CLANG_WARN__DUPLICATE_METHOD_MATCH = YES;
				COPY_PHASE_STRIP = NO;
				DEBUG_INFORMATION_FORMAT = dwarf;
				ENABLE_STRICT_OBJC_MSGSEND = YES;
				ENABLE_TESTABILITY = YES;
				GCC_C_LANGUAGE_STANDARD = gnu11;
				GCC_DYNAMIC_NO_PIC = NO;
				GCC_NO_COMMON_BLOCKS = YES;
				GCC_OPTIMIZATION_LEVEL = 0;
				GCC_PREPROCESSOR_DEFINITIONS = (
					"DEBUG=1",
					"$(inherited)",
				);
				GCC_WARN_64_TO_32_BIT_CONVERSION = YES;
				GCC_WARN_ABOUT_RETURN_TYPE = YES_ERROR;
				GCC_WARN_UNDECLARED_SELECTOR = YES;
				GCC_WARN_UNINITIALIZED_AUTOS = YES_AGGRESSIVE;
				GCC_WARN_UNUSED_FUNCTION = YES;
				GCC_WARN_UNUSED_VARIABLE = YES;
				IPHONEOS_DEPLOYMENT_TARGET = 16.2;
				MTL_ENABLE_DEBUG_INFO = INCLUDE_SOURCE;
				MTL_FAST_MATH = YES;
				ONLY_ACTIVE_ARCH = YES;
				SDKROOT = iphoneos;
				SWIFT_ACTIVE_COMPILATION_CONDITIONS = DEBUG;
				SWIFT_OPTIMIZATION_LEVEL = "-Onone";
			};
			name = Debug;
		};
		BB25FCAB2953BEAC00F83B02 /* Release */ = {
			isa = XCBuildConfiguration;
			buildSettings = {
				ALWAYS_SEARCH_USER_PATHS = NO;
				CLANG_ANALYZER_NONNULL = YES;
				CLANG_ANALYZER_NUMBER_OBJECT_CONVERSION = YES_AGGRESSIVE;
				CLANG_CXX_LANGUAGE_STANDARD = "gnu++20";
				CLANG_ENABLE_MODULES = YES;
				CLANG_ENABLE_OBJC_ARC = YES;
				CLANG_ENABLE_OBJC_WEAK = YES;
				CLANG_WARN_BLOCK_CAPTURE_AUTORELEASING = YES;
				CLANG_WARN_BOOL_CONVERSION = YES;
				CLANG_WARN_COMMA = YES;
				CLANG_WARN_CONSTANT_CONVERSION = YES;
				CLANG_WARN_DEPRECATED_OBJC_IMPLEMENTATIONS = YES;
				CLANG_WARN_DIRECT_OBJC_ISA_USAGE = YES_ERROR;
				CLANG_WARN_DOCUMENTATION_COMMENTS = YES;
				CLANG_WARN_EMPTY_BODY = YES;
				CLANG_WARN_ENUM_CONVERSION = YES;
				CLANG_WARN_INFINITE_RECURSION = YES;
				CLANG_WARN_INT_CONVERSION = YES;
				CLANG_WARN_NON_LITERAL_NULL_CONVERSION = YES;
				CLANG_WARN_OBJC_IMPLICIT_RETAIN_SELF = YES;
				CLANG_WARN_OBJC_LITERAL_CONVERSION = YES;
				CLANG_WARN_OBJC_ROOT_CLASS = YES_ERROR;
				CLANG_WARN_QUOTED_INCLUDE_IN_FRAMEWORK_HEADER = YES;
				CLANG_WARN_RANGE_LOOP_ANALYSIS = YES;
				CLANG_WARN_STRICT_PROTOTYPES = YES;
				CLANG_WARN_SUSPICIOUS_MOVE = YES;
				CLANG_WARN_UNGUARDED_AVAILABILITY = YES_AGGRESSIVE;
				CLANG_WARN_UNREACHABLE_CODE = YES;
				CLANG_WARN__DUPLICATE_METHOD_MATCH = YES;
				COPY_PHASE_STRIP = NO;
				DEBUG_INFORMATION_FORMAT = "dwarf-with-dsym";
				ENABLE_NS_ASSERTIONS = NO;
				ENABLE_STRICT_OBJC_MSGSEND = YES;
				GCC_C_LANGUAGE_STANDARD = gnu11;
				GCC_NO_COMMON_BLOCKS = YES;
				GCC_WARN_64_TO_32_BIT_CONVERSION = YES;
				GCC_WARN_ABOUT_RETURN_TYPE = YES_ERROR;
				GCC_WARN_UNDECLARED_SELECTOR = YES;
				GCC_WARN_UNINITIALIZED_AUTOS = YES_AGGRESSIVE;
				GCC_WARN_UNUSED_FUNCTION = YES;
				GCC_WARN_UNUSED_VARIABLE = YES;
				IPHONEOS_DEPLOYMENT_TARGET = 16.2;
				MTL_ENABLE_DEBUG_INFO = NO;
				MTL_FAST_MATH = YES;
				SDKROOT = iphoneos;
				SWIFT_COMPILATION_MODE = wholemodule;
				SWIFT_OPTIMIZATION_LEVEL = "-O";
				VALIDATE_PRODUCT = YES;
			};
			name = Release;
		};
		BB25FCAD2953BEAC00F83B02 /* Debug */ = {
			isa = XCBuildConfiguration;
			buildSettings = {
				ASSETCATALOG_COMPILER_APPICON_NAME = AppIcon;
				ASSETCATALOG_COMPILER_GLOBAL_ACCENT_COLOR_NAME = AccentColor;
				CODE_SIGN_STYLE = Automatic;
				CURRENT_PROJECT_VERSION = 1;
				GENERATE_INFOPLIST_FILE = YES;
				INFOPLIST_FILE = "Practica-Fundamentos-iOS/Info.plist";
				INFOPLIST_KEY_UIApplicationSupportsIndirectInputEvents = YES;
				INFOPLIST_KEY_UILaunchStoryboardName = LaunchScreen;
				INFOPLIST_KEY_UISupportedInterfaceOrientations_iPad = "UIInterfaceOrientationPortrait UIInterfaceOrientationPortraitUpsideDown UIInterfaceOrientationLandscapeLeft UIInterfaceOrientationLandscapeRight";
				INFOPLIST_KEY_UISupportedInterfaceOrientations_iPhone = "UIInterfaceOrientationPortrait UIInterfaceOrientationLandscapeLeft UIInterfaceOrientationLandscapeRight";
				LD_RUNPATH_SEARCH_PATHS = (
					"$(inherited)",
					"@executable_path/Frameworks",
				);
				MARKETING_VERSION = 1.0;
				PRODUCT_BUNDLE_IDENTIFIER = "davidrobles.Practica-Fundamentos-iOS";
				PRODUCT_NAME = "$(TARGET_NAME)";
				SWIFT_EMIT_LOC_STRINGS = YES;
				SWIFT_VERSION = 5.0;
				TARGETED_DEVICE_FAMILY = "1,2";
			};
			name = Debug;
		};
		BB25FCAE2953BEAC00F83B02 /* Release */ = {
			isa = XCBuildConfiguration;
			buildSettings = {
				ASSETCATALOG_COMPILER_APPICON_NAME = AppIcon;
				ASSETCATALOG_COMPILER_GLOBAL_ACCENT_COLOR_NAME = AccentColor;
				CODE_SIGN_STYLE = Automatic;
				CURRENT_PROJECT_VERSION = 1;
				GENERATE_INFOPLIST_FILE = YES;
				INFOPLIST_FILE = "Practica-Fundamentos-iOS/Info.plist";
				INFOPLIST_KEY_UIApplicationSupportsIndirectInputEvents = YES;
				INFOPLIST_KEY_UILaunchStoryboardName = LaunchScreen;
				INFOPLIST_KEY_UISupportedInterfaceOrientations_iPad = "UIInterfaceOrientationPortrait UIInterfaceOrientationPortraitUpsideDown UIInterfaceOrientationLandscapeLeft UIInterfaceOrientationLandscapeRight";
				INFOPLIST_KEY_UISupportedInterfaceOrientations_iPhone = "UIInterfaceOrientationPortrait UIInterfaceOrientationLandscapeLeft UIInterfaceOrientationLandscapeRight";
				LD_RUNPATH_SEARCH_PATHS = (
					"$(inherited)",
					"@executable_path/Frameworks",
				);
				MARKETING_VERSION = 1.0;
				PRODUCT_BUNDLE_IDENTIFIER = "davidrobles.Practica-Fundamentos-iOS";
				PRODUCT_NAME = "$(TARGET_NAME)";
				SWIFT_EMIT_LOC_STRINGS = YES;
				SWIFT_VERSION = 5.0;
				TARGETED_DEVICE_FAMILY = "1,2";
			};
			name = Release;
		};
		BB25FCB02953BEAC00F83B02 /* Debug */ = {
			isa = XCBuildConfiguration;
			buildSettings = {
				ALWAYS_EMBED_SWIFT_STANDARD_LIBRARIES = YES;
				BUNDLE_LOADER = "$(TEST_HOST)";
				CODE_SIGN_STYLE = Automatic;
				CURRENT_PROJECT_VERSION = 1;
				GENERATE_INFOPLIST_FILE = YES;
				IPHONEOS_DEPLOYMENT_TARGET = 16.2;
				MARKETING_VERSION = 1.0;
				PRODUCT_BUNDLE_IDENTIFIER = "davidrobles.Practica-Fundamentos-iOSTests";
				PRODUCT_NAME = "$(TARGET_NAME)";
				SWIFT_EMIT_LOC_STRINGS = NO;
				SWIFT_VERSION = 5.0;
				TARGETED_DEVICE_FAMILY = "1,2";
				TEST_HOST = "$(BUILT_PRODUCTS_DIR)/Practica-Fundamentos-iOS.app/$(BUNDLE_EXECUTABLE_FOLDER_PATH)/Practica-Fundamentos-iOS";
			};
			name = Debug;
		};
		BB25FCB12953BEAC00F83B02 /* Release */ = {
			isa = XCBuildConfiguration;
			buildSettings = {
				ALWAYS_EMBED_SWIFT_STANDARD_LIBRARIES = YES;
				BUNDLE_LOADER = "$(TEST_HOST)";
				CODE_SIGN_STYLE = Automatic;
				CURRENT_PROJECT_VERSION = 1;
				GENERATE_INFOPLIST_FILE = YES;
				IPHONEOS_DEPLOYMENT_TARGET = 16.2;
				MARKETING_VERSION = 1.0;
				PRODUCT_BUNDLE_IDENTIFIER = "davidrobles.Practica-Fundamentos-iOSTests";
				PRODUCT_NAME = "$(TARGET_NAME)";
				SWIFT_EMIT_LOC_STRINGS = NO;
				SWIFT_VERSION = 5.0;
				TARGETED_DEVICE_FAMILY = "1,2";
				TEST_HOST = "$(BUILT_PRODUCTS_DIR)/Practica-Fundamentos-iOS.app/$(BUNDLE_EXECUTABLE_FOLDER_PATH)/Practica-Fundamentos-iOS";
			};
			name = Release;
		};
		BB25FCB32953BEAC00F83B02 /* Debug */ = {
			isa = XCBuildConfiguration;
			buildSettings = {
				ALWAYS_EMBED_SWIFT_STANDARD_LIBRARIES = YES;
				CODE_SIGN_STYLE = Automatic;
				CURRENT_PROJECT_VERSION = 1;
				GENERATE_INFOPLIST_FILE = YES;
				MARKETING_VERSION = 1.0;
				PRODUCT_BUNDLE_IDENTIFIER = "davidrobles.Practica-Fundamentos-iOSUITests";
				PRODUCT_NAME = "$(TARGET_NAME)";
				SWIFT_EMIT_LOC_STRINGS = NO;
				SWIFT_VERSION = 5.0;
				TARGETED_DEVICE_FAMILY = "1,2";
				TEST_TARGET_NAME = "Practica-Fundamentos-iOS";
			};
			name = Debug;
		};
		BB25FCB42953BEAC00F83B02 /* Release */ = {
			isa = XCBuildConfiguration;
			buildSettings = {
				ALWAYS_EMBED_SWIFT_STANDARD_LIBRARIES = YES;
				CODE_SIGN_STYLE = Automatic;
				CURRENT_PROJECT_VERSION = 1;
				GENERATE_INFOPLIST_FILE = YES;
				MARKETING_VERSION = 1.0;
				PRODUCT_BUNDLE_IDENTIFIER = "davidrobles.Practica-Fundamentos-iOSUITests";
				PRODUCT_NAME = "$(TARGET_NAME)";
				SWIFT_EMIT_LOC_STRINGS = NO;
				SWIFT_VERSION = 5.0;
				TARGETED_DEVICE_FAMILY = "1,2";
				TEST_TARGET_NAME = "Practica-Fundamentos-iOS";
			};
			name = Release;
		};
/* End XCBuildConfiguration section */

/* Begin XCConfigurationList section */
		BB25FC7D2953BEAA00F83B02 /* Build configuration list for PBXProject "Practica-Fundamentos-iOS" */ = {
			isa = XCConfigurationList;
			buildConfigurations = (
				BB25FCAA2953BEAC00F83B02 /* Debug */,
				BB25FCAB2953BEAC00F83B02 /* Release */,
			);
			defaultConfigurationIsVisible = 0;
			defaultConfigurationName = Release;
		};
		BB25FCAC2953BEAC00F83B02 /* Build configuration list for PBXNativeTarget "Practica-Fundamentos-iOS" */ = {
			isa = XCConfigurationList;
			buildConfigurations = (
				BB25FCAD2953BEAC00F83B02 /* Debug */,
				BB25FCAE2953BEAC00F83B02 /* Release */,
			);
			defaultConfigurationIsVisible = 0;
			defaultConfigurationName = Release;
		};
		BB25FCAF2953BEAC00F83B02 /* Build configuration list for PBXNativeTarget "Practica-Fundamentos-iOSTests" */ = {
			isa = XCConfigurationList;
			buildConfigurations = (
				BB25FCB02953BEAC00F83B02 /* Debug */,
				BB25FCB12953BEAC00F83B02 /* Release */,
			);
			defaultConfigurationIsVisible = 0;
			defaultConfigurationName = Release;
		};
		BB25FCB22953BEAC00F83B02 /* Build configuration list for PBXNativeTarget "Practica-Fundamentos-iOSUITests" */ = {
			isa = XCConfigurationList;
			buildConfigurations = (
				BB25FCB32953BEAC00F83B02 /* Debug */,
				BB25FCB42953BEAC00F83B02 /* Release */,
			);
			defaultConfigurationIsVisible = 0;
			defaultConfigurationName = Release;
		};
/* End XCConfigurationList section */
	};
	rootObject = BB25FC7A2953BEAA00F83B02 /* Project object */;
}
